
Microsoft Visual Studio Solution File, Format Version 12.00
# Visual Studio 14
VisualStudioVersion = 14.0.25420.1
MinimumVisualStudioVersion = 10.0.40219.1
Project("{FAE04EC0-301F-11D3-BF4B-00C04F79EFBC}") = "IEnumerable01", "IEnumerable01\IEnumerable01.csproj", "{0E9D3EE1-AF61-4E94-82C8-C289933369A9}"
EndProject
Project("{FAE04EC0-301F-11D3-BF4B-00C04F79EFBC}") = "Interface01", "Interface01\Interface01.csproj", "{4CA4F2EF-2AA3-4CFF-9780-5F95E7FD237B}"
EndProject
Project("{FAE04EC0-301F-11D3-BF4B-00C04F79EFBC}") = "List01", "List01\List01.csproj", "{88D71B41-0D33-48F0-B6BF-B3D5E265B74B}"
EndProject
Project("{FAE04EC0-301F-11D3-BF4B-00C04F79EFBC}") = "Types01", "Types01\Types01.csproj", "{3BD71529-0A10-41FD-A703-5938A563A5D5}"
EndProject
Project("{FAE04EC0-301F-11D3-BF4B-00C04F79EFBC}") = "Attribute01", "Attribute01\Attribute01.csproj", "{F98632AE-832A-45CB-AEBE-88977AF3CD92}"
EndProject
Project("{FAE04EC0-301F-11D3-BF4B-00C04F79EFBC}") = "Algorithm1.1", "Algorithm1.1\Algorithm1.1.csproj", "{5F4D2B02-314C-4E48-80D2-1D0F29BF7A98}"
EndProject
Project("{FAE04EC0-301F-11D3-BF4B-00C04F79EFBC}") = "Algorithm2.1", "Algorithm2.1\Algorithm2.1.csproj", "{0593C133-813B-4EB4-A222-6CBD0ABADE7F}"
EndProject
Project("{FAE04EC0-301F-11D3-BF4B-00C04F79EFBC}") = "Algorithm2.2", "Algorithm2.2\Algorithm2.2.csproj", "{485017A4-749B-47BC-9031-5360A9BAE28D}"
EndProject
Project("{FAE04EC0-301F-11D3-BF4B-00C04F79EFBC}") = "Algorithm2.3", "Algorithm2.3\Algorithm2.3.csproj", "{0E8AC772-3A86-4F4D-8FDE-EB184457CEEA}"
EndProject
Project("{FAE04EC0-301F-11D3-BF4B-00C04F79EFBC}") = "Algorithms2.4", "Algorithms2.4\Algorithms2.4.csproj", "{81F05185-D087-4792-9278-BDD2BFA6F7B6}"
EndProject
Project("{FAE04EC0-301F-11D3-BF4B-00C04F79EFBC}") = "Web Form Test", "ChangeToDoc\Web Form Test.csproj", "{CE3987CF-36AE-4B16-8F7E-53DE2D1820C5}"
EndProject
Project("{FAE04EC0-301F-11D3-BF4B-00C04F79EFBC}") = "OfficeTest", "OfficeTest\OfficeTest.csproj", "{99EB0876-BA51-463A-8111-59A4491E812F}"
EndProject
Project("{FAE04EC0-301F-11D3-BF4B-00C04F79EFBC}") = "LinkedList01", "LinkedList01\LinkedList01.csproj", "{B2FBB38D-E141-458B-8D5D-80C876EFD38E}"
EndProject
Project("{FAE04EC0-301F-11D3-BF4B-00C04F79EFBC}") = "LinkedList01Tests", "LinkedList01Tests\LinkedList01Tests.csproj", "{538E879B-63A3-4FDB-B0A3-B0FA12A38784}"
EndProject
Project("{FAE04EC0-301F-11D3-BF4B-00C04F79EFBC}") = "LinkedList02", "LinkedList02\LinkedList02.csproj", "{69DB48E1-8B61-4F89-A709-1A4AF5F938B0}"
EndProject
Project("{FAE04EC0-301F-11D3-BF4B-00C04F79EFBC}") = "LinkedList02Tests", "LinkedList02Tests\LinkedList02Tests.csproj", "{0A9FB869-F612-4935-B078-2E49F248FB98}"
EndProject
Project("{FAE04EC0-301F-11D3-BF4B-00C04F79EFBC}") = "Stack01", "Stack01\Stack01.csproj", "{40CEBC98-ABE2-4F12-9ED4-B913C00A01BF}"
EndProject
Project("{FAE04EC0-301F-11D3-BF4B-00C04F79EFBC}") = "DataStructure1.1", "DataStructure1.1\DataStructure1.1.csproj", "{AD9082D7-54B5-48F6-A5B2-359012A37CEA}"
EndProject
Project("{FAE04EC0-301F-11D3-BF4B-00C04F79EFBC}") = "Stack02_Generic", "Stack02_Generic\Stack02_Generic.csproj", "{2B43F5BD-4A74-477E-AA51-01DC4CFF5DBB}"
EndProject
Project("{FAE04EC0-301F-11D3-BF4B-00C04F79EFBC}") = "LinkedList03_Generic", "LinkedList03_Generic\LinkedList03_Generic.csproj", "{1960EDE5-F40E-4EFD-98E7-09CD7D6E988A}"
EndProject
Project("{FAE04EC0-301F-11D3-BF4B-00C04F79EFBC}") = "DataStructure1.1Tests", "DataStructure1.1Tests\DataStructure1.1Tests.csproj", "{36E26667-24DF-430A-8D2F-3E935717AFA0}"
EndProject
Project("{FAE04EC0-301F-11D3-BF4B-00C04F79EFBC}") = "Queue01_Generic", "Queue01_Generic\Queue01_Generic.csproj", "{566A3DF1-F7AC-4DEF-A3A7-4D8062D52DB2}"
EndProject
Project("{FAE04EC0-301F-11D3-BF4B-00C04F79EFBC}") = "Tree01", "Tree01\Tree01.csproj", "{9C2F1930-5408-48B1-A1C1-8CE36E6B4FE9}"
EndProject
Project("{FAE04EC0-301F-11D3-BF4B-00C04F79EFBC}") = "DataStructure1.2", "DataStructure1.2\DataStructure1.2.csproj", "{AF21C5D2-2238-4DA5-86CB-1274FEC6E6B1}"
EndProject
Project("{FAE04EC0-301F-11D3-BF4B-00C04F79EFBC}") = "DataStructure1.2Tests", "DataStructure1.2Tests\DataStructure1.2Tests.csproj", "{EF40921B-13F8-4229-929D-B2FE63BF6E88}"
EndProject
Project("{FAE04EC0-301F-11D3-BF4B-00C04F79EFBC}") = "DataStructure1.3", "DataStructure1.3\DataStructure1.3.csproj", "{C450E9CD-00B7-4790-9DE0-F4BDFC4C93FB}"
EndProject
Project("{FAE04EC0-301F-11D3-BF4B-00C04F79EFBC}") = "DataStructure1.3Tests", "DataStructure1.3Tests1\DataStructure1.3Tests.csproj", "{2409C96F-702C-4AC5-AFE4-37CCFAB24B08}"
EndProject
Global
	GlobalSection(SolutionConfigurationPlatforms) = preSolution
		Debug|Any CPU = Debug|Any CPU
		Release|Any CPU = Release|Any CPU
	EndGlobalSection
	GlobalSection(ProjectConfigurationPlatforms) = postSolution
		{0E9D3EE1-AF61-4E94-82C8-C289933369A9}.Debug|Any CPU.ActiveCfg = Debug|Any CPU
		{0E9D3EE1-AF61-4E94-82C8-C289933369A9}.Debug|Any CPU.Build.0 = Debug|Any CPU
		{0E9D3EE1-AF61-4E94-82C8-C289933369A9}.Release|Any CPU.ActiveCfg = Release|Any CPU
		{4CA4F2EF-2AA3-4CFF-9780-5F95E7FD237B}.Debug|Any CPU.ActiveCfg = Debug|Any CPU
		{4CA4F2EF-2AA3-4CFF-9780-5F95E7FD237B}.Debug|Any CPU.Build.0 = Debug|Any CPU
		{4CA4F2EF-2AA3-4CFF-9780-5F95E7FD237B}.Release|Any CPU.ActiveCfg = Release|Any CPU
		{88D71B41-0D33-48F0-B6BF-B3D5E265B74B}.Debug|Any CPU.ActiveCfg = Debug|Any CPU
		{88D71B41-0D33-48F0-B6BF-B3D5E265B74B}.Debug|Any CPU.Build.0 = Debug|Any CPU
		{88D71B41-0D33-48F0-B6BF-B3D5E265B74B}.Release|Any CPU.ActiveCfg = Release|Any CPU
		{3BD71529-0A10-41FD-A703-5938A563A5D5}.Debug|Any CPU.ActiveCfg = Debug|Any CPU
		{3BD71529-0A10-41FD-A703-5938A563A5D5}.Debug|Any CPU.Build.0 = Debug|Any CPU
		{3BD71529-0A10-41FD-A703-5938A563A5D5}.Release|Any CPU.ActiveCfg = Release|Any CPU
		{F98632AE-832A-45CB-AEBE-88977AF3CD92}.Debug|Any CPU.ActiveCfg = Debug|Any CPU
		{F98632AE-832A-45CB-AEBE-88977AF3CD92}.Debug|Any CPU.Build.0 = Debug|Any CPU
		{F98632AE-832A-45CB-AEBE-88977AF3CD92}.Release|Any CPU.ActiveCfg = Release|Any CPU
		{5F4D2B02-314C-4E48-80D2-1D0F29BF7A98}.Debug|Any CPU.ActiveCfg = Debug|Any CPU
		{5F4D2B02-314C-4E48-80D2-1D0F29BF7A98}.Debug|Any CPU.Build.0 = Debug|Any CPU
		{5F4D2B02-314C-4E48-80D2-1D0F29BF7A98}.Release|Any CPU.ActiveCfg = Release|Any CPU
		{0593C133-813B-4EB4-A222-6CBD0ABADE7F}.Debug|Any CPU.ActiveCfg = Debug|Any CPU
		{0593C133-813B-4EB4-A222-6CBD0ABADE7F}.Debug|Any CPU.Build.0 = Debug|Any CPU
		{0593C133-813B-4EB4-A222-6CBD0ABADE7F}.Release|Any CPU.ActiveCfg = Release|Any CPU
		{485017A4-749B-47BC-9031-5360A9BAE28D}.Debug|Any CPU.ActiveCfg = Debug|Any CPU
		{485017A4-749B-47BC-9031-5360A9BAE28D}.Debug|Any CPU.Build.0 = Debug|Any CPU
		{485017A4-749B-47BC-9031-5360A9BAE28D}.Release|Any CPU.ActiveCfg = Release|Any CPU
		{0E8AC772-3A86-4F4D-8FDE-EB184457CEEA}.Debug|Any CPU.ActiveCfg = Debug|Any CPU
		{0E8AC772-3A86-4F4D-8FDE-EB184457CEEA}.Debug|Any CPU.Build.0 = Debug|Any CPU
		{0E8AC772-3A86-4F4D-8FDE-EB184457CEEA}.Release|Any CPU.ActiveCfg = Release|Any CPU
		{81F05185-D087-4792-9278-BDD2BFA6F7B6}.Debug|Any CPU.ActiveCfg = Debug|Any CPU
		{81F05185-D087-4792-9278-BDD2BFA6F7B6}.Debug|Any CPU.Build.0 = Debug|Any CPU
		{81F05185-D087-4792-9278-BDD2BFA6F7B6}.Release|Any CPU.ActiveCfg = Release|Any CPU
		{CE3987CF-36AE-4B16-8F7E-53DE2D1820C5}.Debug|Any CPU.ActiveCfg = Debug|Any CPU
		{CE3987CF-36AE-4B16-8F7E-53DE2D1820C5}.Debug|Any CPU.Build.0 = Debug|Any CPU
		{CE3987CF-36AE-4B16-8F7E-53DE2D1820C5}.Release|Any CPU.ActiveCfg = Release|Any CPU
		{CE3987CF-36AE-4B16-8F7E-53DE2D1820C5}.Release|Any CPU.Build.0 = Release|Any CPU
		{99EB0876-BA51-463A-8111-59A4491E812F}.Debug|Any CPU.ActiveCfg = Debug|Any CPU
		{99EB0876-BA51-463A-8111-59A4491E812F}.Debug|Any CPU.Build.0 = Debug|Any CPU
		{99EB0876-BA51-463A-8111-59A4491E812F}.Release|Any CPU.ActiveCfg = Release|Any CPU
		{99EB0876-BA51-463A-8111-59A4491E812F}.Release|Any CPU.Build.0 = Release|Any CPU
		{B2FBB38D-E141-458B-8D5D-80C876EFD38E}.Debug|Any CPU.ActiveCfg = Debug|Any CPU
		{B2FBB38D-E141-458B-8D5D-80C876EFD38E}.Debug|Any CPU.Build.0 = Debug|Any CPU
		{B2FBB38D-E141-458B-8D5D-80C876EFD38E}.Release|Any CPU.ActiveCfg = Release|Any CPU
		{B2FBB38D-E141-458B-8D5D-80C876EFD38E}.Release|Any CPU.Build.0 = Release|Any CPU
		{538E879B-63A3-4FDB-B0A3-B0FA12A38784}.Debug|Any CPU.ActiveCfg = Debug|Any CPU
		{538E879B-63A3-4FDB-B0A3-B0FA12A38784}.Debug|Any CPU.Build.0 = Debug|Any CPU
		{538E879B-63A3-4FDB-B0A3-B0FA12A38784}.Release|Any CPU.ActiveCfg = Release|Any CPU
		{538E879B-63A3-4FDB-B0A3-B0FA12A38784}.Release|Any CPU.Build.0 = Release|Any CPU
		{69DB48E1-8B61-4F89-A709-1A4AF5F938B0}.Debug|Any CPU.ActiveCfg = Debug|Any CPU
		{69DB48E1-8B61-4F89-A709-1A4AF5F938B0}.Debug|Any CPU.Build.0 = Debug|Any CPU
		{69DB48E1-8B61-4F89-A709-1A4AF5F938B0}.Release|Any CPU.ActiveCfg = Release|Any CPU
		{69DB48E1-8B61-4F89-A709-1A4AF5F938B0}.Release|Any CPU.Build.0 = Release|Any CPU
		{0A9FB869-F612-4935-B078-2E49F248FB98}.Debug|Any CPU.ActiveCfg = Debug|Any CPU
		{0A9FB869-F612-4935-B078-2E49F248FB98}.Debug|Any CPU.Build.0 = Debug|Any CPU
		{0A9FB869-F612-4935-B078-2E49F248FB98}.Release|Any CPU.ActiveCfg = Release|Any CPU
		{0A9FB869-F612-4935-B078-2E49F248FB98}.Release|Any CPU.Build.0 = Release|Any CPU
		{40CEBC98-ABE2-4F12-9ED4-B913C00A01BF}.Debug|Any CPU.ActiveCfg = Debug|Any CPU
		{40CEBC98-ABE2-4F12-9ED4-B913C00A01BF}.Debug|Any CPU.Build.0 = Debug|Any CPU
		{40CEBC98-ABE2-4F12-9ED4-B913C00A01BF}.Release|Any CPU.ActiveCfg = Release|Any CPU
		{40CEBC98-ABE2-4F12-9ED4-B913C00A01BF}.Release|Any CPU.Build.0 = Release|Any CPU
		{AD9082D7-54B5-48F6-A5B2-359012A37CEA}.Debug|Any CPU.ActiveCfg = Debug|Any CPU
		{AD9082D7-54B5-48F6-A5B2-359012A37CEA}.Debug|Any CPU.Build.0 = Debug|Any CPU
		{AD9082D7-54B5-48F6-A5B2-359012A37CEA}.Release|Any CPU.ActiveCfg = Release|Any CPU
		{AD9082D7-54B5-48F6-A5B2-359012A37CEA}.Release|Any CPU.Build.0 = Release|Any CPU
		{2B43F5BD-4A74-477E-AA51-01DC4CFF5DBB}.Debug|Any CPU.ActiveCfg = Debug|Any CPU
		{2B43F5BD-4A74-477E-AA51-01DC4CFF5DBB}.Debug|Any CPU.Build.0 = Debug|Any CPU
		{2B43F5BD-4A74-477E-AA51-01DC4CFF5DBB}.Release|Any CPU.ActiveCfg = Release|Any CPU
		{2B43F5BD-4A74-477E-AA51-01DC4CFF5DBB}.Release|Any CPU.Build.0 = Release|Any CPU
		{1960EDE5-F40E-4EFD-98E7-09CD7D6E988A}.Debug|Any CPU.ActiveCfg = Debug|Any CPU
		{1960EDE5-F40E-4EFD-98E7-09CD7D6E988A}.Debug|Any CPU.Build.0 = Debug|Any CPU
		{1960EDE5-F40E-4EFD-98E7-09CD7D6E988A}.Release|Any CPU.ActiveCfg = Release|Any CPU
		{1960EDE5-F40E-4EFD-98E7-09CD7D6E988A}.Release|Any CPU.Build.0 = Release|Any CPU
		{36E26667-24DF-430A-8D2F-3E935717AFA0}.Debug|Any CPU.ActiveCfg = Debug|Any CPU
		{36E26667-24DF-430A-8D2F-3E935717AFA0}.Debug|Any CPU.Build.0 = Debug|Any CPU
		{36E26667-24DF-430A-8D2F-3E935717AFA0}.Release|Any CPU.ActiveCfg = Release|Any CPU
		{36E26667-24DF-430A-8D2F-3E935717AFA0}.Release|Any CPU.Build.0 = Release|Any CPU
		{566A3DF1-F7AC-4DEF-A3A7-4D8062D52DB2}.Debug|Any CPU.ActiveCfg = Debug|Any CPU
		{566A3DF1-F7AC-4DEF-A3A7-4D8062D52DB2}.Debug|Any CPU.Build.0 = Debug|Any CPU
		{566A3DF1-F7AC-4DEF-A3A7-4D8062D52DB2}.Release|Any CPU.ActiveCfg = Release|Any CPU
		{566A3DF1-F7AC-4DEF-A3A7-4D8062D52DB2}.Release|Any CPU.Build.0 = Release|Any CPU
		{9C2F1930-5408-48B1-A1C1-8CE36E6B4FE9}.Debug|Any CPU.ActiveCfg = Debug|Any CPU
		{9C2F1930-5408-48B1-A1C1-8CE36E6B4FE9}.Debug|Any CPU.Build.0 = Debug|Any CPU
		{9C2F1930-5408-48B1-A1C1-8CE36E6B4FE9}.Release|Any CPU.ActiveCfg = Release|Any CPU
		{9C2F1930-5408-48B1-A1C1-8CE36E6B4FE9}.Release|Any CPU.Build.0 = Release|Any CPU
		{AF21C5D2-2238-4DA5-86CB-1274FEC6E6B1}.Debug|Any CPU.ActiveCfg = Debug|Any CPU
		{AF21C5D2-2238-4DA5-86CB-1274FEC6E6B1}.Debug|Any CPU.Build.0 = Debug|Any CPU
		{AF21C5D2-2238-4DA5-86CB-1274FEC6E6B1}.Release|Any CPU.ActiveCfg = Release|Any CPU
		{AF21C5D2-2238-4DA5-86CB-1274FEC6E6B1}.Release|Any CPU.Build.0 = Release|Any CPU
		{EF40921B-13F8-4229-929D-B2FE63BF6E88}.Debug|Any CPU.ActiveCfg = Debug|Any CPU
		{EF40921B-13F8-4229-929D-B2FE63BF6E88}.Debug|Any CPU.Build.0 = Debug|Any CPU
		{EF40921B-13F8-4229-929D-B2FE63BF6E88}.Release|Any CPU.ActiveCfg = Release|Any CPU
		{EF40921B-13F8-4229-929D-B2FE63BF6E88}.Release|Any CPU.Build.0 = Release|Any CPU
		{C450E9CD-00B7-4790-9DE0-F4BDFC4C93FB}.Debug|Any CPU.ActiveCfg = Debug|Any CPU
		{C450E9CD-00B7-4790-9DE0-F4BDFC4C93FB}.Debug|Any CPU.Build.0 = Debug|Any CPU
		{C450E9CD-00B7-4790-9DE0-F4BDFC4C93FB}.Release|Any CPU.ActiveCfg = Release|Any CPU
		{C450E9CD-00B7-4790-9DE0-F4BDFC4C93FB}.Release|Any CPU.Build.0 = Release|Any CPU
		{2409C96F-702C-4AC5-AFE4-37CCFAB24B08}.Debug|Any CPU.ActiveCfg = Debug|Any CPU
		{2409C96F-702C-4AC5-AFE4-37CCFAB24B08}.Debug|Any CPU.Build.0 = Debug|Any CPU
		{2409C96F-702C-4AC5-AFE4-37CCFAB24B08}.Release|Any CPU.ActiveCfg = Release|Any CPU
		{2409C96F-702C-4AC5-AFE4-37CCFAB24B08}.Release|Any CPU.Build.0 = Release|Any CPU
	EndGlobalSection
	GlobalSection(SolutionProperties) = preSolution
		HideSolutionNode = FALSE
	EndGlobalSection
EndGlobal
